
Microsoft Visual Studio Solution File, Format Version 12.00
# Visual Studio 15
VisualStudioVersion = 15.0.27428.2002
MinimumVisualStudioVersion = 10.0.40219.1
Project("{9A19103F-16F7-4668-BE54-9A1E7A4F7556}") = "Core.N.Rest", "Core.N.Rest\Core.N.Rest.csproj", "{84B402FE-0E97-4AAD-B99F-C834E3F04695}"
EndProject
Project("{9A19103F-16F7-4668-BE54-9A1E7A4F7556}") = "Core.N.Trace", "Core.N.Trace\Core.N.Trace.csproj", "{F0E5CC69-CF28-41C2-8AFB-6A4E28C8C969}"
EndProject
Project("{9A19103F-16F7-4668-BE54-9A1E7A4F7556}") = "Core.N.Models", "Core.N.Models\Core.N.Models.csproj", "{69865268-3778-4B0D-85D1-C8B31762F3F2}"
EndProject
Project("{9A19103F-16F7-4668-BE54-9A1E7A4F7556}") = "MS.N.Logger", "MS.N.Logger\MS.N.Logger.csproj", "{3B0FF055-4C71-4FE8-BAE6-D94D57AFDD16}"
EndProject
Project("{9A19103F-16F7-4668-BE54-9A1E7A4F7556}") = "Services.N.Adhesion", "Services.N.Adhesion\Services.N.Adhesion.csproj", "{E835DB5C-D351-422A-BB38-EC6D3962B7A9}"
EndProject
Project("{9A19103F-16F7-4668-BE54-9A1E7A4F7556}") = "Models.N.Adhesion", "Models.N.Adhesion\Models.N.Adhesion\Models.N.Adhesion.csproj", "{8C1745C0-227F-4765-B30D-D6C7DF82CAD4}"
EndProject
Project("{9A19103F-16F7-4668-BE54-9A1E7A4F7556}") = "Core.N.Utils", "Core.N.Utils\Core.N.Utils.csproj", "{19DD018A-8BAE-4A23-ACA2-989F1F3A8BE0}"
EndProject
Project("{9A19103F-16F7-4668-BE54-9A1E7A4F7556}") = "MS.N.Generar.Pin", "MS.N.Generar.Pin\MS.N.Generar.Pin.csproj", "{7890364B-0FD7-4DED-8D91-76C0EF8E15F9}"
EndProject
Project("{9A19103F-16F7-4668-BE54-9A1E7A4F7556}") = "MS.N.Generar.UsuarioAlfanumerico", "MS.N.Generar.UsuarioAlfanumerico\MS.N.Generar.UsuarioAlfanumerico.csproj", "{0798E6AA-5D74-4533-B55C-91A61806583B}"
EndProject
Project("{9A19103F-16F7-4668-BE54-9A1E7A4F7556}") = "MS.N.Consulta.Padron", "MS.N.Consulta.Padron\MS.N.Consulta.Padron.csproj", "{9F011A4C-FCA9-46EB-BA54-2711C61292DF}"
EndProject
Project("{9A19103F-16F7-4668-BE54-9A1E7A4F7556}") = "Services.N.Consulta.Padron", "Services.N.Consulta.Padron\Services.N.Consulta.Padron.csproj", "{7D5930D8-4A5C-4AE1-B4C5-861862A4513A}"
EndProject
Project("{9A19103F-16F7-4668-BE54-9A1E7A4F7556}") = "MS.N.Consulta.Cliente", "MS.N.Consulta.Cliente\MS.N.Consulta.Cliente.csproj", "{9A3794C9-0479-439A-A4F6-8B45987AFBAA}"
EndProject
Project("{9A19103F-16F7-4668-BE54-9A1E7A4F7556}") = "Models.N.Consulta.Padron", "Models.N.Consulta.Padron\Models.N.Consulta.Padron.csproj", "{447C3EB8-8663-4E3F-99F4-D5E245C3A25F}"
EndProject
Project("{9A19103F-16F7-4668-BE54-9A1E7A4F7556}") = "Services.N.Consulta.Cliente", "Services.N.Consulta.Cliente\Services.N.Consulta.Cliente.csproj", "{75636FBD-5929-4A2B-90B0-2A4429B7BD12}"
EndProject
Project("{9A19103F-16F7-4668-BE54-9A1E7A4F7556}") = "Services.N.Autenticacion", "Services.N.Autenticacion\Services.N.Autenticacion.csproj", "{06475C30-EF01-4EFC-BA2F-846FD88415BF}"
EndProject
Project("{9A19103F-16F7-4668-BE54-9A1E7A4F7556}") = "MS.N.Autenticacion", "MS.N.Autenticacion\MS.N.Autenticacion.csproj", "{BDE23416-31A3-4253-866B-FA32C2FC71AD}"
EndProject
Project("{9A19103F-16F7-4668-BE54-9A1E7A4F7556}") = "MS.N.Adhesion", "MS.N.Adhesion\MS.N.Adhesion.csproj", "{AF18E223-58A3-4D88-A8C2-240ED5946698}"
EndProject
Project("{E53339B2-1760-4266-BCC7-CA923CBCF16C}") = "docker-compose", "docker-compose.dcproj", "{2A3A77EF-8076-4AE0-ADE4-94677BDD8F2F}"
EndProject
Project("{FAE04EC0-301F-11D3-BF4B-00C04F79EFBC}") = "MS.N.Location", "MS.N.Location\MS.N.Location.csproj", "{B31C1EA2-4FF9-443B-A489-0750B98400FB}"
EndProject
Project("{FAE04EC0-301F-11D3-BF4B-00C04F79EFBC}") = "Services.N.Location", "Services.N.Location\Services.N.Location.csproj", "{044043DA-6202-4860-A906-BA25F8C26A43}"
EndProject
Project("{FAE04EC0-301F-11D3-BF4B-00C04F79EFBC}") = "Models.N.Location", "Models.N.Location\Models.N.Location.csproj", "{25EA9C89-5397-4260-B7A7-9CFD8852B1AD}"
EndProject
Global
	GlobalSection(SolutionConfigurationPlatforms) = preSolution
		Debug|Any CPU = Debug|Any CPU
		Release|Any CPU = Release|Any CPU
	EndGlobalSection
	GlobalSection(ProjectConfigurationPlatforms) = postSolution
		{84B402FE-0E97-4AAD-B99F-C834E3F04695}.Debug|Any CPU.ActiveCfg = Debug|Any CPU
		{84B402FE-0E97-4AAD-B99F-C834E3F04695}.Debug|Any CPU.Build.0 = Debug|Any CPU
		{84B402FE-0E97-4AAD-B99F-C834E3F04695}.Release|Any CPU.ActiveCfg = Release|Any CPU
		{84B402FE-0E97-4AAD-B99F-C834E3F04695}.Release|Any CPU.Build.0 = Release|Any CPU
		{F0E5CC69-CF28-41C2-8AFB-6A4E28C8C969}.Debug|Any CPU.ActiveCfg = Debug|Any CPU
		{F0E5CC69-CF28-41C2-8AFB-6A4E28C8C969}.Debug|Any CPU.Build.0 = Debug|Any CPU
		{F0E5CC69-CF28-41C2-8AFB-6A4E28C8C969}.Release|Any CPU.ActiveCfg = Release|Any CPU
		{F0E5CC69-CF28-41C2-8AFB-6A4E28C8C969}.Release|Any CPU.Build.0 = Release|Any CPU
		{69865268-3778-4B0D-85D1-C8B31762F3F2}.Debug|Any CPU.ActiveCfg = Debug|Any CPU
		{69865268-3778-4B0D-85D1-C8B31762F3F2}.Debug|Any CPU.Build.0 = Debug|Any CPU
		{69865268-3778-4B0D-85D1-C8B31762F3F2}.Release|Any CPU.ActiveCfg = Release|Any CPU
		{69865268-3778-4B0D-85D1-C8B31762F3F2}.Release|Any CPU.Build.0 = Release|Any CPU
		{3B0FF055-4C71-4FE8-BAE6-D94D57AFDD16}.Debug|Any CPU.ActiveCfg = Debug|Any CPU
		{3B0FF055-4C71-4FE8-BAE6-D94D57AFDD16}.Debug|Any CPU.Build.0 = Debug|Any CPU
		{3B0FF055-4C71-4FE8-BAE6-D94D57AFDD16}.Release|Any CPU.ActiveCfg = Release|Any CPU
		{3B0FF055-4C71-4FE8-BAE6-D94D57AFDD16}.Release|Any CPU.Build.0 = Release|Any CPU
		{E835DB5C-D351-422A-BB38-EC6D3962B7A9}.Debug|Any CPU.ActiveCfg = Debug|Any CPU
		{E835DB5C-D351-422A-BB38-EC6D3962B7A9}.Debug|Any CPU.Build.0 = Debug|Any CPU
		{E835DB5C-D351-422A-BB38-EC6D3962B7A9}.Release|Any CPU.ActiveCfg = Release|Any CPU
		{E835DB5C-D351-422A-BB38-EC6D3962B7A9}.Release|Any CPU.Build.0 = Release|Any CPU
		{8C1745C0-227F-4765-B30D-D6C7DF82CAD4}.Debug|Any CPU.ActiveCfg = Debug|Any CPU
		{8C1745C0-227F-4765-B30D-D6C7DF82CAD4}.Debug|Any CPU.Build.0 = Debug|Any CPU
		{8C1745C0-227F-4765-B30D-D6C7DF82CAD4}.Release|Any CPU.ActiveCfg = Release|Any CPU
		{8C1745C0-227F-4765-B30D-D6C7DF82CAD4}.Release|Any CPU.Build.0 = Release|Any CPU
		{19DD018A-8BAE-4A23-ACA2-989F1F3A8BE0}.Debug|Any CPU.ActiveCfg = Debug|Any CPU
		{19DD018A-8BAE-4A23-ACA2-989F1F3A8BE0}.Debug|Any CPU.Build.0 = Debug|Any CPU
		{19DD018A-8BAE-4A23-ACA2-989F1F3A8BE0}.Release|Any CPU.ActiveCfg = Release|Any CPU
		{19DD018A-8BAE-4A23-ACA2-989F1F3A8BE0}.Release|Any CPU.Build.0 = Release|Any CPU
		{7890364B-0FD7-4DED-8D91-76C0EF8E15F9}.Debug|Any CPU.ActiveCfg = Debug|Any CPU
		{7890364B-0FD7-4DED-8D91-76C0EF8E15F9}.Debug|Any CPU.Build.0 = Debug|Any CPU
		{7890364B-0FD7-4DED-8D91-76C0EF8E15F9}.Release|Any CPU.ActiveCfg = Release|Any CPU
		{7890364B-0FD7-4DED-8D91-76C0EF8E15F9}.Release|Any CPU.Build.0 = Release|Any CPU
		{0798E6AA-5D74-4533-B55C-91A61806583B}.Debug|Any CPU.ActiveCfg = Debug|Any CPU
		{0798E6AA-5D74-4533-B55C-91A61806583B}.Debug|Any CPU.Build.0 = Debug|Any CPU
		{0798E6AA-5D74-4533-B55C-91A61806583B}.Release|Any CPU.ActiveCfg = Release|Any CPU
		{0798E6AA-5D74-4533-B55C-91A61806583B}.Release|Any CPU.Build.0 = Release|Any CPU
		{9F011A4C-FCA9-46EB-BA54-2711C61292DF}.Debug|Any CPU.ActiveCfg = Debug|Any CPU
		{9F011A4C-FCA9-46EB-BA54-2711C61292DF}.Debug|Any CPU.Build.0 = Debug|Any CPU
		{9F011A4C-FCA9-46EB-BA54-2711C61292DF}.Release|Any CPU.ActiveCfg = Release|Any CPU
		{9F011A4C-FCA9-46EB-BA54-2711C61292DF}.Release|Any CPU.Build.0 = Release|Any CPU
		{7D5930D8-4A5C-4AE1-B4C5-861862A4513A}.Debug|Any CPU.ActiveCfg = Debug|Any CPU
		{7D5930D8-4A5C-4AE1-B4C5-861862A4513A}.Debug|Any CPU.Build.0 = Debug|Any CPU
		{7D5930D8-4A5C-4AE1-B4C5-861862A4513A}.Release|Any CPU.ActiveCfg = Release|Any CPU
		{7D5930D8-4A5C-4AE1-B4C5-861862A4513A}.Release|Any CPU.Build.0 = Release|Any CPU
		{9A3794C9-0479-439A-A4F6-8B45987AFBAA}.Debug|Any CPU.ActiveCfg = Debug|Any CPU
		{9A3794C9-0479-439A-A4F6-8B45987AFBAA}.Debug|Any CPU.Build.0 = Debug|Any CPU
		{9A3794C9-0479-439A-A4F6-8B45987AFBAA}.Release|Any CPU.ActiveCfg = Release|Any CPU
		{9A3794C9-0479-439A-A4F6-8B45987AFBAA}.Release|Any CPU.Build.0 = Release|Any CPU
		{447C3EB8-8663-4E3F-99F4-D5E245C3A25F}.Debug|Any CPU.ActiveCfg = Debug|Any CPU
		{447C3EB8-8663-4E3F-99F4-D5E245C3A25F}.Debug|Any CPU.Build.0 = Debug|Any CPU
		{447C3EB8-8663-4E3F-99F4-D5E245C3A25F}.Release|Any CPU.ActiveCfg = Release|Any CPU
		{447C3EB8-8663-4E3F-99F4-D5E245C3A25F}.Release|Any CPU.Build.0 = Release|Any CPU
		{75636FBD-5929-4A2B-90B0-2A4429B7BD12}.Debug|Any CPU.ActiveCfg = Debug|Any CPU
		{75636FBD-5929-4A2B-90B0-2A4429B7BD12}.Debug|Any CPU.Build.0 = Debug|Any CPU
		{75636FBD-5929-4A2B-90B0-2A4429B7BD12}.Release|Any CPU.ActiveCfg = Release|Any CPU
		{75636FBD-5929-4A2B-90B0-2A4429B7BD12}.Release|Any CPU.Build.0 = Release|Any CPU
		{06475C30-EF01-4EFC-BA2F-846FD88415BF}.Debug|Any CPU.ActiveCfg = Debug|Any CPU
		{06475C30-EF01-4EFC-BA2F-846FD88415BF}.Debug|Any CPU.Build.0 = Debug|Any CPU
		{06475C30-EF01-4EFC-BA2F-846FD88415BF}.Release|Any CPU.ActiveCfg = Release|Any CPU
		{06475C30-EF01-4EFC-BA2F-846FD88415BF}.Release|Any CPU.Build.0 = Release|Any CPU
		{BDE23416-31A3-4253-866B-FA32C2FC71AD}.Debug|Any CPU.ActiveCfg = Debug|Any CPU
		{BDE23416-31A3-4253-866B-FA32C2FC71AD}.Debug|Any CPU.Build.0 = Debug|Any CPU
		{BDE23416-31A3-4253-866B-FA32C2FC71AD}.Release|Any CPU.ActiveCfg = Release|Any CPU
		{BDE23416-31A3-4253-866B-FA32C2FC71AD}.Release|Any CPU.Build.0 = Release|Any CPU
		{AF18E223-58A3-4D88-A8C2-240ED5946698}.Debug|Any CPU.ActiveCfg = Debug|Any CPU
		{AF18E223-58A3-4D88-A8C2-240ED5946698}.Debug|Any CPU.Build.0 = Debug|Any CPU
		{AF18E223-58A3-4D88-A8C2-240ED5946698}.Release|Any CPU.ActiveCfg = Release|Any CPU
		{AF18E223-58A3-4D88-A8C2-240ED5946698}.Release|Any CPU.Build.0 = Release|Any CPU
		{2A3A77EF-8076-4AE0-ADE4-94677BDD8F2F}.Debug|Any CPU.ActiveCfg = Debug|Any CPU
		{2A3A77EF-8076-4AE0-ADE4-94677BDD8F2F}.Debug|Any CPU.Build.0 = Debug|Any CPU
		{2A3A77EF-8076-4AE0-ADE4-94677BDD8F2F}.Release|Any CPU.ActiveCfg = Release|Any CPU
		{2A3A77EF-8076-4AE0-ADE4-94677BDD8F2F}.Release|Any CPU.Build.0 = Release|Any CPU
		{B31C1EA2-4FF9-443B-A489-0750B98400FB}.Debug|Any CPU.ActiveCfg = Debug|Any CPU
		{B31C1EA2-4FF9-443B-A489-0750B98400FB}.Debug|Any CPU.Build.0 = Debug|Any CPU
		{B31C1EA2-4FF9-443B-A489-0750B98400FB}.Release|Any CPU.ActiveCfg = Release|Any CPU
		{B31C1EA2-4FF9-443B-A489-0750B98400FB}.Release|Any CPU.Build.0 = Release|Any CPU
		{044043DA-6202-4860-A906-BA25F8C26A43}.Debug|Any CPU.ActiveCfg = Debug|Any CPU
		{044043DA-6202-4860-A906-BA25F8C26A43}.Debug|Any CPU.Build.0 = Debug|Any CPU
		{044043DA-6202-4860-A906-BA25F8C26A43}.Release|Any CPU.ActiveCfg = Release|Any CPU
		{044043DA-6202-4860-A906-BA25F8C26A43}.Release|Any CPU.Build.0 = Release|Any CPU
		{25EA9C89-5397-4260-B7A7-9CFD8852B1AD}.Debug|Any CPU.ActiveCfg = Debug|Any CPU
		{25EA9C89-5397-4260-B7A7-9CFD8852B1AD}.Debug|Any CPU.Build.0 = Debug|Any CPU
		{25EA9C89-5397-4260-B7A7-9CFD8852B1AD}.Release|Any CPU.ActiveCfg = Release|Any CPU
		{25EA9C89-5397-4260-B7A7-9CFD8852B1AD}.Release|Any CPU.Build.0 = Release|Any CPU
	EndGlobalSection
	GlobalSection(SolutionProperties) = preSolution
		HideSolutionNode = FALSE
	EndGlobalSection
	GlobalSection(ExtensibilityGlobals) = postSolution
		SolutionGuid = {1B347F0B-16F3-4418-8B36-C8BA5F98CEAE}
	EndGlobalSection
EndGlobal
